
Microsoft Visual Studio Solution File, Format Version 12.00
# Visual Studio 15
VisualStudioVersion = 15.0.26730.16
MinimumVisualStudioVersion = 10.0.40219.1
Project("{9A19103F-16F7-4668-BE54-9A1E7A4F7556}") = "ProductCatalog.Repository", "ProductCatalog.Repository\ProductCatalog.Repository.csproj", "{679AC64B-B97E-4536-B2BC-EDFC979F51FA}"
EndProject
Project("{9A19103F-16F7-4668-BE54-9A1E7A4F7556}") = "ProductCatalog.Service", "ProductCatalog.Service\ProductCatalog.Service.csproj", "{924745FB-9970-45B1-9F1E-59C4C7A96992}"
EndProject
Global
	GlobalSection(SolutionConfigurationPlatforms) = preSolution
		Debug|Any CPU = Debug|Any CPU
		Release|Any CPU = Release|Any CPU
	EndGlobalSection
	GlobalSection(ProjectConfigurationPlatforms) = postSolution
		{679AC64B-B97E-4536-B2BC-EDFC979F51FA}.Debug|Any CPU.ActiveCfg = Debug|Any CPU
		{679AC64B-B97E-4536-B2BC-EDFC979F51FA}.Debug|Any CPU.Build.0 = Debug|Any CPU
		{679AC64B-B97E-4536-B2BC-EDFC979F51FA}.Release|Any CPU.ActiveCfg = Release|Any CPU
		{679AC64B-B97E-4536-B2BC-EDFC979F51FA}.Release|Any CPU.Build.0 = Release|Any CPU
		{924745FB-9970-45B1-9F1E-59C4C7A96992}.Debug|Any CPU.ActiveCfg = Debug|Any CPU
		{924745FB-9970-45B1-9F1E-59C4C7A96992}.Debug|Any CPU.Build.0 = Debug|Any CPU
		{924745FB-9970-45B1-9F1E-59C4C7A96992}.Release|Any CPU.ActiveCfg = Release|Any CPU
		{924745FB-9970-45B1-9F1E-59C4C7A96992}.Release|Any CPU.Build.0 = Release|Any CPU
	EndGlobalSection
	GlobalSection(SolutionProperties) = preSolution
		HideSolutionNode = FALSE
	EndGlobalSection
	GlobalSection(ExtensibilityGlobals) = postSolution
		SolutionGuid = {C0846743-5CD3-40B6-8BB7-EB3158ED4EBA}
	EndGlobalSection
EndGlobal
